
Microsoft Visual Studio Solution File, Format Version 12.00
# Visual Studio Version 17
VisualStudioVersion = 17.5.002.0
MinimumVisualStudioVersion = 10.0.40219.1
Project("{2150E333-8FDC-42A3-9474-1A3956D46DE8}") = "retail", "retail", "{B54CC984-4B4F-4509-8E8F-AE31241C16CF}"
EndProject
Project("{9A19103F-16F7-4668-BE54-9A1E7A4F7556}") = "be_retail", "retail\be_retail\be_retail.csproj", "{0AAABF9B-16C9-4F68-AE3D-A4974B6D94DF}"
EndProject
Global
	GlobalSection(SolutionConfigurationPlatforms) = preSolution
		Debug|Any CPU = Debug|Any CPU
		Release|Any CPU = Release|Any CPU
	EndGlobalSection
	GlobalSection(ProjectConfigurationPlatforms) = postSolution
		{0AAABF9B-16C9-4F68-AE3D-A4974B6D94DF}.Debug|Any CPU.ActiveCfg = Debug|Any CPU
		{0AAABF9B-16C9-4F68-AE3D-A4974B6D94DF}.Debug|Any CPU.Build.0 = Debug|Any CPU
		{0AAABF9B-16C9-4F68-AE3D-A4974B6D94DF}.Release|Any CPU.ActiveCfg = Release|Any CPU
		{0AAABF9B-16C9-4F68-AE3D-A4974B6D94DF}.Release|Any CPU.Build.0 = Release|Any CPU
	EndGlobalSection
	GlobalSection(SolutionProperties) = preSolution
		HideSolutionNode = FALSE
	EndGlobalSection
	GlobalSection(NestedProjects) = preSolution
		{0AAABF9B-16C9-4F68-AE3D-A4974B6D94DF} = {B54CC984-4B4F-4509-8E8F-AE31241C16CF}
	EndGlobalSection
	GlobalSection(ExtensibilityGlobals) = postSolution
		SolutionGuid = {57671314-6402-4BAB-BA4E-9B1711F91576}
	EndGlobalSection
EndGlobal
