
Microsoft Visual Studio Solution File, Format Version 12.00
# Visual Studio Version 17
VisualStudioVersion = 17.5.002.0
MinimumVisualStudioVersion = 10.0.40219.1
Project("{9A19103F-16F7-4668-BE54-9A1E7A4F7556}") = "RetailMobile", "RetailMobile.csproj", "{AF1CDC8C-F495-4A90-B63E-26273C1558CF}"
EndProject
Global
	GlobalSection(SolutionConfigurationPlatforms) = preSolution
		Debug|Any CPU = Debug|Any CPU
		Release|Any CPU = Release|Any CPU
	EndGlobalSection
	GlobalSection(ProjectConfigurationPlatforms) = postSolution
		{AF1CDC8C-F495-4A90-B63E-26273C1558CF}.Debug|Any CPU.ActiveCfg = Debug|Any CPU
		{AF1CDC8C-F495-4A90-B63E-26273C1558CF}.Debug|Any CPU.Build.0 = Debug|Any CPU
		{AF1CDC8C-F495-4A90-B63E-26273C1558CF}.Release|Any CPU.ActiveCfg = Release|Any CPU
		{AF1CDC8C-F495-4A90-B63E-26273C1558CF}.Release|Any CPU.Build.0 = Release|Any CPU
	EndGlobalSection
	GlobalSection(SolutionProperties) = preSolution
		HideSolutionNode = FALSE
	EndGlobalSection
	GlobalSection(ExtensibilityGlobals) = postSolution
		SolutionGuid = {755C830B-E50A-45C3-AC80-79F84C478FB3}
	EndGlobalSection
EndGlobal
